
Microsoft Visual Studio Solution File, Format Version 12.00
# Visual Studio Version 17
VisualStudioVersion = 17.3.32901.215
MinimumVisualStudioVersion = 10.0.40219.1
Project("{FAE04EC0-301F-11D3-BF4B-00C04F79EFBC}") = "Server", "Server\Server.csproj", "{D042D570-6218-4483-809E-75FB8F0644B7}"
EndProject
Global
	GlobalSection(SolutionConfigurationPlatforms) = preSolution
		Debug|Any CPU = Debug|Any CPU
		Release|Any CPU = Release|Any CPU
	EndGlobalSection
	GlobalSection(ProjectConfigurationPlatforms) = postSolution
		{D042D570-6218-4483-809E-75FB8F0644B7}.Debug|Any CPU.ActiveCfg = Debug|Any CPU
		{D042D570-6218-4483-809E-75FB8F0644B7}.Debug|Any CPU.Build.0 = Debug|Any CPU
		{D042D570-6218-4483-809E-75FB8F0644B7}.Release|Any CPU.ActiveCfg = Release|Any CPU
		{D042D570-6218-4483-809E-75FB8F0644B7}.Release|Any CPU.Build.0 = Release|Any CPU
	EndGlobalSection
	GlobalSection(SolutionProperties) = preSolution
		HideSolutionNode = FALSE
	EndGlobalSection
	GlobalSection(ExtensibilityGlobals) = postSolution
		SolutionGuid = {E5529A38-C200-47B1-928A-5DB2B5CB7AB3}
	EndGlobalSection
EndGlobal
